// !$*UTF8*$!
{
	archiveVersion = 1;
	classes = {
	};
	objectVersion = 50;
	objects = {

/* Begin PBXBuildFile section */
		9A7D3B4723F77DBC00A7F4B6 /* AppDelegate.swift in Sources */ = {isa = PBXBuildFile; fileRef = 9A7D3B4623F77DBC00A7F4B6 /* AppDelegate.swift */; };
		9A7D3B4923F77DBC00A7F4B6 /* SceneDelegate.swift in Sources */ = {isa = PBXBuildFile; fileRef = 9A7D3B4823F77DBC00A7F4B6 /* SceneDelegate.swift */; };
		9A7D3B4B23F77DBC00A7F4B6 /* ContentView.swift in Sources */ = {isa = PBXBuildFile; fileRef = 9A7D3B4A23F77DBC00A7F4B6 /* ContentView.swift */; };
		9A7D3B4D23F77DC200A7F4B6 /* Assets.xcassets in Resources */ = {isa = PBXBuildFile; fileRef = 9A7D3B4C23F77DC200A7F4B6 /* Assets.xcassets */; };
		9A7D3B5023F77DC200A7F4B6 /* Preview Assets.xcassets in Resources */ = {isa = PBXBuildFile; fileRef = 9A7D3B4F23F77DC200A7F4B6 /* Preview Assets.xcassets */; };
		9A7D3B5323F77DC200A7F4B6 /* LaunchScreen.storyboard in Resources */ = {isa = PBXBuildFile; fileRef = 9A7D3B5123F77DC200A7F4B6 /* LaunchScreen.storyboard */; };
		9A7D3B5E23F77DC200A7F4B6 /* BindingExamplesTests.swift in Sources */ = {isa = PBXBuildFile; fileRef = 9A7D3B5D23F77DC200A7F4B6 /* BindingExamplesTests.swift */; };
		9A7D3B6923F77DC200A7F4B6 /* BindingExamplesUITests.swift in Sources */ = {isa = PBXBuildFile; fileRef = 9A7D3B6823F77DC200A7F4B6 /* BindingExamplesUITests.swift */; };
		9A7D3B7723F7ADCF00A7F4B6 /* BindingProjectionExample.swift in Sources */ = {isa = PBXBuildFile; fileRef = 9A7D3B7623F7ADCF00A7F4B6 /* BindingProjectionExample.swift */; };
		9A7D3B7923F7CF8E00A7F4B6 /* ObservedObjectExample.swift in Sources */ = {isa = PBXBuildFile; fileRef = 9A7D3B7823F7CF8E00A7F4B6 /* ObservedObjectExample.swift */; };
/* End PBXBuildFile section */

/* Begin PBXContainerItemProxy section */
		9A7D3B5A23F77DC200A7F4B6 /* PBXContainerItemProxy */ = {
			isa = PBXContainerItemProxy;
			containerPortal = 9A7D3B3B23F77DBC00A7F4B6 /* Project object */;
			proxyType = 1;
			remoteGlobalIDString = 9A7D3B4223F77DBC00A7F4B6;
			remoteInfo = BindingExamples;
		};
		9A7D3B6523F77DC200A7F4B6 /* PBXContainerItemProxy */ = {
			isa = PBXContainerItemProxy;
			containerPortal = 9A7D3B3B23F77DBC00A7F4B6 /* Project object */;
			proxyType = 1;
			remoteGlobalIDString = 9A7D3B4223F77DBC00A7F4B6;
			remoteInfo = BindingExamples;
		};
/* End PBXContainerItemProxy section */

/* Begin PBXFileReference section */
		9A7D3B4323F77DBC00A7F4B6 /* BindingExamples.app */ = {isa = PBXFileReference; explicitFileType = wrapper.application; includeInIndex = 0; path = BindingExamples.app; sourceTree = BUILT_PRODUCTS_DIR; };
		9A7D3B4623F77DBC00A7F4B6 /* AppDelegate.swift */ = {isa = PBXFileReference; lastKnownFileType = sourcecode.swift; path = AppDelegate.swift; sourceTree = "<group>"; };
		9A7D3B4823F77DBC00A7F4B6 /* SceneDelegate.swift */ = {isa = PBXFileReference; lastKnownFileType = sourcecode.swift; path = SceneDelegate.swift; sourceTree = "<group>"; };
		9A7D3B4A23F77DBC00A7F4B6 /* ContentView.swift */ = {isa = PBXFileReference; lastKnownFileType = sourcecode.swift; path = ContentView.swift; sourceTree = "<group>"; };
		9A7D3B4C23F77DC200A7F4B6 /* Assets.xcassets */ = {isa = PBXFileReference; lastKnownFileType = folder.assetcatalog; path = Assets.xcassets; sourceTree = "<group>"; };
		9A7D3B4F23F77DC200A7F4B6 /* Preview Assets.xcassets */ = {isa = PBXFileReference; lastKnownFileType = folder.assetcatalog; path = "Preview Assets.xcassets"; sourceTree = "<group>"; };
		9A7D3B5223F77DC200A7F4B6 /* Base */ = {isa = PBXFileReference; lastKnownFileType = file.storyboard; name = Base; path = Base.lproj/LaunchScreen.storyboard; sourceTree = "<group>"; };
		9A7D3B5423F77DC200A7F4B6 /* Info.plist */ = {isa = PBXFileReference; lastKnownFileType = text.plist.xml; path = Info.plist; sourceTree = "<group>"; };
		9A7D3B5923F77DC200A7F4B6 /* BindingExamplesTests.xctest */ = {isa = PBXFileReference; explicitFileType = wrapper.cfbundle; includeInIndex = 0; path = BindingExamplesTests.xctest; sourceTree = BUILT_PRODUCTS_DIR; };
		9A7D3B5D23F77DC200A7F4B6 /* BindingExamplesTests.swift */ = {isa = PBXFileReference; lastKnownFileType = sourcecode.swift; path = BindingExamplesTests.swift; sourceTree = "<group>"; };
		9A7D3B5F23F77DC200A7F4B6 /* Info.plist */ = {isa = PBXFileReference; lastKnownFileType = text.plist.xml; path = Info.plist; sourceTree = "<group>"; };
		9A7D3B6423F77DC200A7F4B6 /* BindingExamplesUITests.xctest */ = {isa = PBXFileReference; explicitFileType = wrapper.cfbundle; includeInIndex = 0; path = BindingExamplesUITests.xctest; sourceTree = BUILT_PRODUCTS_DIR; };
		9A7D3B6823F77DC200A7F4B6 /* BindingExamplesUITests.swift */ = {isa = PBXFileReference; lastKnownFileType = sourcecode.swift; path = BindingExamplesUITests.swift; sourceTree = "<group>"; };
		9A7D3B6A23F77DC200A7F4B6 /* Info.plist */ = {isa = PBXFileReference; lastKnownFileType = text.plist.xml; path = Info.plist; sourceTree = "<group>"; };
		9A7D3B7623F7ADCF00A7F4B6 /* BindingProjectionExample.swift */ = {isa = PBXFileReference; lastKnownFileType = sourcecode.swift; path = BindingProjectionExample.swift; sourceTree = "<group>"; };
		9A7D3B7823F7CF8E00A7F4B6 /* ObservedObjectExample.swift */ = {isa = PBXFileReference; lastKnownFileType = sourcecode.swift; path = ObservedObjectExample.swift; sourceTree = "<group>"; };
/* End PBXFileReference section */

/* Begin PBXFrameworksBuildPhase section */
		9A7D3B4023F77DBC00A7F4B6 /* Frameworks */ = {
			isa = PBXFrameworksBuildPhase;
			buildActionMask = 2147483647;
			files = (
			);
			runOnlyForDeploymentPostprocessing = 0;
		};
		9A7D3B5623F77DC200A7F4B6 /* Frameworks */ = {
			isa = PBXFrameworksBuildPhase;
			buildActionMask = 2147483647;
			files = (
			);
			runOnlyForDeploymentPostprocessing = 0;
		};
		9A7D3B6123F77DC200A7F4B6 /* Frameworks */ = {
			isa = PBXFrameworksBuildPhase;
			buildActionMask = 2147483647;
			files = (
			);
			runOnlyForDeploymentPostprocessing = 0;
		};
/* End PBXFrameworksBuildPhase section */

/* Begin PBXGroup section */
		9A7D3B3A23F77DBC00A7F4B6 = {
			isa = PBXGroup;
			children = (
				9A7D3B4523F77DBC00A7F4B6 /* BindingExamples */,
				9A7D3B5C23F77DC200A7F4B6 /* BindingExamplesTests */,
				9A7D3B6723F77DC200A7F4B6 /* BindingExamplesUITests */,
				9A7D3B4423F77DBC00A7F4B6 /* Products */,
			);
			sourceTree = "<group>";
		};
		9A7D3B4423F77DBC00A7F4B6 /* Products */ = {
			isa = PBXGroup;
			children = (
				9A7D3B4323F77DBC00A7F4B6 /* BindingExamples.app */,
				9A7D3B5923F77DC200A7F4B6 /* BindingExamplesTests.xctest */,
				9A7D3B6423F77DC200A7F4B6 /* BindingExamplesUITests.xctest */,
			);
			name = Products;
			sourceTree = "<group>";
		};
		9A7D3B4523F77DBC00A7F4B6 /* BindingExamples */ = {
			isa = PBXGroup;
			children = (
				9A7D3B4623F77DBC00A7F4B6 /* AppDelegate.swift */,
				9A7D3B4823F77DBC00A7F4B6 /* SceneDelegate.swift */,
				9A7D3B4A23F77DBC00A7F4B6 /* ContentView.swift */,
				9A7D3B4C23F77DC200A7F4B6 /* Assets.xcassets */,
				9A7D3B5123F77DC200A7F4B6 /* LaunchScreen.storyboard */,
				9A7D3B5423F77DC200A7F4B6 /* Info.plist */,
				9A7D3B4E23F77DC200A7F4B6 /* Preview Content */,
				9A7D3B7623F7ADCF00A7F4B6 /* BindingProjectionExample.swift */,
				9A7D3B7823F7CF8E00A7F4B6 /* ObservedObjectExample.swift */,
			);
			path = BindingExamples;
			sourceTree = "<group>";
		};
		9A7D3B4E23F77DC200A7F4B6 /* Preview Content */ = {
			isa = PBXGroup;
			children = (
				9A7D3B4F23F77DC200A7F4B6 /* Preview Assets.xcassets */,
			);
			path = "Preview Content";
			sourceTree = "<group>";
		};
		9A7D3B5C23F77DC200A7F4B6 /* BindingExamplesTests */ = {
			isa = PBXGroup;
			children = (
				9A7D3B5D23F77DC200A7F4B6 /* BindingExamplesTests.swift */,
				9A7D3B5F23F77DC200A7F4B6 /* Info.plist */,
			);
			path = BindingExamplesTests;
			sourceTree = "<group>";
		};
		9A7D3B6723F77DC200A7F4B6 /* BindingExamplesUITests */ = {
			isa = PBXGroup;
			children = (
				9A7D3B6823F77DC200A7F4B6 /* BindingExamplesUITests.swift */,
				9A7D3B6A23F77DC200A7F4B6 /* Info.plist */,
			);
			path = BindingExamplesUITests;
			sourceTree = "<group>";
		};
/* End PBXGroup section */

/* Begin PBXNativeTarget section */
		9A7D3B4223F77DBC00A7F4B6 /* BindingExamples */ = {
			isa = PBXNativeTarget;
			buildConfigurationList = 9A7D3B6D23F77DC200A7F4B6 /* Build configuration list for PBXNativeTarget "BindingExamples" */;
			buildPhases = (
				9A7D3B3F23F77DBC00A7F4B6 /* Sources */,
				9A7D3B4023F77DBC00A7F4B6 /* Frameworks */,
				9A7D3B4123F77DBC00A7F4B6 /* Resources */,
			);
			buildRules = (
			);
			dependencies = (
			);
			name = BindingExamples;
			productName = BindingExamples;
			productReference = 9A7D3B4323F77DBC00A7F4B6 /* BindingExamples.app */;
			productType = "com.apple.product-type.application";
		};
		9A7D3B5823F77DC200A7F4B6 /* BindingExamplesTests */ = {
			isa = PBXNativeTarget;
			buildConfigurationList = 9A7D3B7023F77DC200A7F4B6 /* Build configuration list for PBXNativeTarget "BindingExamplesTests" */;
			buildPhases = (
				9A7D3B5523F77DC200A7F4B6 /* Sources */,
				9A7D3B5623F77DC200A7F4B6 /* Frameworks */,
				9A7D3B5723F77DC200A7F4B6 /* Resources */,
			);
			buildRules = (
			);
			dependencies = (
				9A7D3B5B23F77DC200A7F4B6 /* PBXTargetDependency */,
			);
			name = BindingExamplesTests;
			productName = BindingExamplesTests;
			productReference = 9A7D3B5923F77DC200A7F4B6 /* BindingExamplesTests.xctest */;
			productType = "com.apple.product-type.bundle.unit-test";
		};
		9A7D3B6323F77DC200A7F4B6 /* BindingExamplesUITests */ = {
			isa = PBXNativeTarget;
			buildConfigurationList = 9A7D3B7323F77DC200A7F4B6 /* Build configuration list for PBXNativeTarget "BindingExamplesUITests" */;
			buildPhases = (
				9A7D3B6023F77DC200A7F4B6 /* Sources */,
				9A7D3B6123F77DC200A7F4B6 /* Frameworks */,
				9A7D3B6223F77DC200A7F4B6 /* Resources */,
			);
			buildRules = (
			);
			dependencies = (
				9A7D3B6623F77DC200A7F4B6 /* PBXTargetDependency */,
			);
			name = BindingExamplesUITests;
			productName = BindingExamplesUITests;
			productReference = 9A7D3B6423F77DC200A7F4B6 /* BindingExamplesUITests.xctest */;
			productType = "com.apple.product-type.bundle.ui-testing";
		};
/* End PBXNativeTarget section */

/* Begin PBXProject section */
		9A7D3B3B23F77DBC00A7F4B6 /* Project object */ = {
			isa = PBXProject;
			attributes = {
				LastSwiftUpdateCheck = 1130;
				LastUpgradeCheck = 1130;
				ORGANIZATIONNAME = com.shofujimoto;
				TargetAttributes = {
					9A7D3B4223F77DBC00A7F4B6 = {
						CreatedOnToolsVersion = 11.3.1;
					};
					9A7D3B5823F77DC200A7F4B6 = {
						CreatedOnToolsVersion = 11.3.1;
						TestTargetID = 9A7D3B4223F77DBC00A7F4B6;
					};
					9A7D3B6323F77DC200A7F4B6 = {
						CreatedOnToolsVersion = 11.3.1;
						TestTargetID = 9A7D3B4223F77DBC00A7F4B6;
					};
				};
			};
			buildConfigurationList = 9A7D3B3E23F77DBC00A7F4B6 /* Build configuration list for PBXProject "BindingExamples" */;
			compatibilityVersion = "Xcode 9.3";
			developmentRegion = en;
			hasScannedForEncodings = 0;
			knownRegions = (
				en,
				Base,
			);
			mainGroup = 9A7D3B3A23F77DBC00A7F4B6;
			productRefGroup = 9A7D3B4423F77DBC00A7F4B6 /* Products */;
			projectDirPath = "";
			projectRoot = "";
			targets = (
				9A7D3B4223F77DBC00A7F4B6 /* BindingExamples */,
				9A7D3B5823F77DC200A7F4B6 /* BindingExamplesTests */,
				9A7D3B6323F77DC200A7F4B6 /* BindingExamplesUITests */,
			);
		};
/* End PBXProject section */

/* Begin PBXResourcesBuildPhase section */
		9A7D3B4123F77DBC00A7F4B6 /* Resources */ = {
			isa = PBXResourcesBuildPhase;
			buildActionMask = 2147483647;
			files = (
				9A7D3B5323F77DC200A7F4B6 /* LaunchScreen.storyboard in Resources */,
				9A7D3B5023F77DC200A7F4B6 /* Preview Assets.xcassets in Resources */,
				9A7D3B4D23F77DC200A7F4B6 /* Assets.xcassets in Resources */,
			);
			runOnlyForDeploymentPostprocessing = 0;
		};
		9A7D3B5723F77DC200A7F4B6 /* Resources */ = {
			isa = PBXResourcesBuildPhase;
			buildActionMask = 2147483647;
			files = (
			);
			runOnlyForDeploymentPostprocessing = 0;
		};
		9A7D3B6223F77DC200A7F4B6 /* Resources */ = {
			isa = PBXResourcesBuildPhase;
			buildActionMask = 2147483647;
			files = (
			);
			runOnlyForDeploymentPostprocessing = 0;
		};
/* End PBXResourcesBuildPhase section */

/* Begin PBXSourcesBuildPhase section */
		9A7D3B3F23F77DBC00A7F4B6 /* Sources */ = {
			isa = PBXSourcesBuildPhase;
			buildActionMask = 2147483647;
			files = (
				9A7D3B4723F77DBC00A7F4B6 /* AppDelegate.swift in Sources */,
				9A7D3B7723F7ADCF00A7F4B6 /* BindingProjectionExample.swift in Sources */,
				9A7D3B4923F77DBC00A7F4B6 /* SceneDelegate.swift in Sources */,
				9A7D3B4B23F77DBC00A7F4B6 /* ContentView.swift in Sources */,
				9A7D3B7923F7CF8E00A7F4B6 /* ObservedObjectExample.swift in Sources */,
			);
			runOnlyForDeploymentPostprocessing = 0;
		};
		9A7D3B5523F77DC200A7F4B6 /* Sources */ = {
			isa = PBXSourcesBuildPhase;
			buildActionMask = 2147483647;
			files = (
				9A7D3B5E23F77DC200A7F4B6 /* BindingExamplesTests.swift in Sources */,
			);
			runOnlyForDeploymentPostprocessing = 0;
		};
		9A7D3B6023F77DC200A7F4B6 /* Sources */ = {
			isa = PBXSourcesBuildPhase;
			buildActionMask = 2147483647;
			files = (
				9A7D3B6923F77DC200A7F4B6 /* BindingExamplesUITests.swift in Sources */,
			);
			runOnlyForDeploymentPostprocessing = 0;
		};
/* End PBXSourcesBuildPhase section */

/* Begin PBXTargetDependency section */
		9A7D3B5B23F77DC200A7F4B6 /* PBXTargetDependency */ = {
			isa = PBXTargetDependency;
			target = 9A7D3B4223F77DBC00A7F4B6 /* BindingExamples */;
			targetProxy = 9A7D3B5A23F77DC200A7F4B6 /* PBXContainerItemProxy */;
		};
		9A7D3B6623F77DC200A7F4B6 /* PBXTargetDependency */ = {
			isa = PBXTargetDependency;
			target = 9A7D3B4223F77DBC00A7F4B6 /* BindingExamples */;
			targetProxy = 9A7D3B6523F77DC200A7F4B6 /* PBXContainerItemProxy */;
		};
/* End PBXTargetDependency section */

/* Begin PBXVariantGroup section */
		9A7D3B5123F77DC200A7F4B6 /* LaunchScreen.storyboard */ = {
			isa = PBXVariantGroup;
			children = (
				9A7D3B5223F77DC200A7F4B6 /* Base */,
			);
			name = LaunchScreen.storyboard;
			sourceTree = "<group>";
		};
/* End PBXVariantGroup section */

/* Begin XCBuildConfiguration section */
		9A7D3B6B23F77DC200A7F4B6 /* Debug */ = {
			isa = XCBuildConfiguration;
			buildSettings = {
				ALWAYS_SEARCH_USER_PATHS = NO;
				CLANG_ANALYZER_NONNULL = YES;
				CLANG_ANALYZER_NUMBER_OBJECT_CONVERSION = YES_AGGRESSIVE;
				CLANG_CXX_LANGUAGE_STANDARD = "gnu++14";
				CLANG_CXX_LIBRARY = "libc++";
				CLANG_ENABLE_MODULES = YES;
				CLANG_ENABLE_OBJC_ARC = YES;
				CLANG_ENABLE_OBJC_WEAK = YES;
				CLANG_WARN_BLOCK_CAPTURE_AUTORELEASING = YES;
				CLANG_WARN_BOOL_CONVERSION = YES;
				CLANG_WARN_COMMA = YES;
				CLANG_WARN_CONSTANT_CONVERSION = YES;
				CLANG_WARN_DEPRECATED_OBJC_IMPLEMENTATIONS = YES;
				CLANG_WARN_DIRECT_OBJC_ISA_USAGE = YES_ERROR;
				CLANG_WARN_DOCUMENTATION_COMMENTS = YES;
				CLANG_WARN_EMPTY_BODY = YES;
				CLANG_WARN_ENUM_CONVERSION = YES;
				CLANG_WARN_INFINITE_RECURSION = YES;
				CLANG_WARN_INT_CONVERSION = YES;
				CLANG_WARN_NON_LITERAL_NULL_CONVERSION = YES;
				CLANG_WARN_OBJC_IMPLICIT_RETAIN_SELF = YES;
				CLANG_WARN_OBJC_LITERAL_CONVERSION = YES;
				CLANG_WARN_OBJC_ROOT_CLASS = YES_ERROR;
				CLANG_WARN_RANGE_LOOP_ANALYSIS = YES;
				CLANG_WARN_STRICT_PROTOTYPES = YES;
				CLANG_WARN_SUSPICIOUS_MOVE = YES;
				CLANG_WARN_UNGUARDED_AVAILABILITY = YES_AGGRESSIVE;
				CLANG_WARN_UNREACHABLE_CODE = YES;
				CLANG_WARN__DUPLICATE_METHOD_MATCH = YES;
				COPY_PHASE_STRIP = NO;
				DEBUG_INFORMATION_FORMAT = dwarf;
				ENABLE_STRICT_OBJC_MSGSEND = YES;
				ENABLE_TESTABILITY = YES;
				GCC_C_LANGUAGE_STANDARD = gnu11;
				GCC_DYNAMIC_NO_PIC = NO;
				GCC_NO_COMMON_BLOCKS = YES;
				GCC_OPTIMIZATION_LEVEL = 0;
				GCC_PREPROCESSOR_DEFINITIONS = (
					"DEBUG=1",
					"$(inherited)",
				);
				GCC_WARN_64_TO_32_BIT_CONVERSION = YES;
				GCC_WARN_ABOUT_RETURN_TYPE = YES_ERROR;
				GCC_WARN_UNDECLARED_SELECTOR = YES;
				GCC_WARN_UNINITIALIZED_AUTOS = YES_AGGRESSIVE;
				GCC_WARN_UNUSED_FUNCTION = YES;
				GCC_WARN_UNUSED_VARIABLE = YES;
				IPHONEOS_DEPLOYMENT_TARGET = 13.2;
				MTL_ENABLE_DEBUG_INFO = INCLUDE_SOURCE;
				MTL_FAST_MATH = YES;
				ONLY_ACTIVE_ARCH = YES;
				SDKROOT = iphoneos;
				SWIFT_ACTIVE_COMPILATION_CONDITIONS = DEBUG;
				SWIFT_OPTIMIZATION_LEVEL = "-Onone";
			};
			name = Debug;
		};
		9A7D3B6C23F77DC200A7F4B6 /* Release */ = {
			isa = XCBuildConfiguration;
			buildSettings = {
				ALWAYS_SEARCH_USER_PATHS = NO;
				CLANG_ANALYZER_NONNULL = YES;
				CLANG_ANALYZER_NUMBER_OBJECT_CONVERSION = YES_AGGRESSIVE;
				CLANG_CXX_LANGUAGE_STANDARD = "gnu++14";
				CLANG_CXX_LIBRARY = "libc++";
				CLANG_ENABLE_MODULES = YES;
				CLANG_ENABLE_OBJC_ARC = YES;
				CLANG_ENABLE_OBJC_WEAK = YES;
				CLANG_WARN_BLOCK_CAPTURE_AUTORELEASING = YES;
				CLANG_WARN_BOOL_CONVERSION = YES;
				CLANG_WARN_COMMA = YES;
				CLANG_WARN_CONSTANT_CONVERSION = YES;
				CLANG_WARN_DEPRECATED_OBJC_IMPLEMENTATIONS = YES;
				CLANG_WARN_DIRECT_OBJC_ISA_USAGE = YES_ERROR;
				CLANG_WARN_DOCUMENTATION_COMMENTS = YES;
				CLANG_WARN_EMPTY_BODY = YES;
				CLANG_WARN_ENUM_CONVERSION = YES;
				CLANG_WARN_INFINITE_RECURSION = YES;
				CLANG_WARN_INT_CONVERSION = YES;
				CLANG_WARN_NON_LITERAL_NULL_CONVERSION = YES;
				CLANG_WARN_OBJC_IMPLICIT_RETAIN_SELF = YES;
				CLANG_WARN_OBJC_LITERAL_CONVERSION = YES;
				CLANG_WARN_OBJC_ROOT_CLASS = YES_ERROR;
				CLANG_WARN_RANGE_LOOP_ANALYSIS = YES;
				CLANG_WARN_STRICT_PROTOTYPES = YES;
				CLANG_WARN_SUSPICIOUS_MOVE = YES;
				CLANG_WARN_UNGUARDED_AVAILABILITY = YES_AGGRESSIVE;
				CLANG_WARN_UNREACHABLE_CODE = YES;
				CLANG_WARN__DUPLICATE_METHOD_MATCH = YES;
				COPY_PHASE_STRIP = NO;
				DEBUG_INFORMATION_FORMAT = "dwarf-with-dsym";
				ENABLE_NS_ASSERTIONS = NO;
				ENABLE_STRICT_OBJC_MSGSEND = YES;
				GCC_C_LANGUAGE_STANDARD = gnu11;
				GCC_NO_COMMON_BLOCKS = YES;
				GCC_WARN_64_TO_32_BIT_CONVERSION = YES;
				GCC_WARN_ABOUT_RETURN_TYPE = YES_ERROR;
				GCC_WARN_UNDECLARED_SELECTOR = YES;
				GCC_WARN_UNINITIALIZED_AUTOS = YES_AGGRESSIVE;
				GCC_WARN_UNUSED_FUNCTION = YES;
				GCC_WARN_UNUSED_VARIABLE = YES;
				IPHONEOS_DEPLOYMENT_TARGET = 13.2;
				MTL_ENABLE_DEBUG_INFO = NO;
				MTL_FAST_MATH = YES;
				SDKROOT = iphoneos;
				SWIFT_COMPILATION_MODE = wholemodule;
				SWIFT_OPTIMIZATION_LEVEL = "-O";
				VALIDATE_PRODUCT = YES;
			};
			name = Release;
		};
		9A7D3B6E23F77DC200A7F4B6 /* Debug */ = {
			isa = XCBuildConfiguration;
			buildSettings = {
				ASSETCATALOG_COMPILER_APPICON_NAME = AppIcon;
				CODE_SIGN_STYLE = Automatic;
				DEVELOPMENT_ASSET_PATHS = "\"BindingExamples/Preview Content\"";
				DEVELOPMENT_TEAM = 6WSMUGE2C2;
				ENABLE_PREVIEWS = YES;
				INFOPLIST_FILE = BindingExamples/Info.plist;
				LD_RUNPATH_SEARCH_PATHS = (
					"$(inherited)",
					"@executable_path/Frameworks",
				);
				PRODUCT_BUNDLE_IDENTIFIER = com.shofujimoto.BindingExamples;
				PRODUCT_NAME = "$(TARGET_NAME)";
				SWIFT_VERSION = 5.0;
				TARGETED_DEVICE_FAMILY = "1,2";
			};
			name = Debug;
		};
		9A7D3B6F23F77DC200A7F4B6 /* Release */ = {
			isa = XCBuildConfiguration;
			buildSettings = {
				ASSETCATALOG_COMPILER_APPICON_NAME = AppIcon;
				CODE_SIGN_STYLE = Automatic;
				DEVELOPMENT_ASSET_PATHS = "\"BindingExamples/Preview Content\"";
				DEVELOPMENT_TEAM = 6WSMUGE2C2;
				ENABLE_PREVIEWS = YES;
				INFOPLIST_FILE = BindingExamples/Info.plist;
				LD_RUNPATH_SEARCH_PATHS = (
					"$(inherited)",
					"@executable_path/Frameworks",
				);
				PRODUCT_BUNDLE_IDENTIFIER = com.shofujimoto.BindingExamples;
				PRODUCT_NAME = "$(TARGET_NAME)";
				SWIFT_VERSION = 5.0;
				TARGETED_DEVICE_FAMILY = "1,2";
			};
			name = Release;
		};
		9A7D3B7123F77DC200A7F4B6 /* Debug */ = {
			isa = XCBuildConfiguration;
			buildSettings = {
				ALWAYS_EMBED_SWIFT_STANDARD_LIBRARIES = YES;
				BUNDLE_LOADER = "$(TEST_HOST)";
				CODE_SIGN_STYLE = Automatic;
				DEVELOPMENT_TEAM = 6WSMUGE2C2;
				INFOPLIST_FILE = BindingExamplesTests/Info.plist;
				IPHONEOS_DEPLOYMENT_TARGET = 13.2;
				LD_RUNPATH_SEARCH_PATHS = (
					"$(inherited)",
					"@executable_path/Frameworks",
					"@loader_path/Frameworks",
				);
				PRODUCT_BUNDLE_IDENTIFIER = com.shofujimoto.BindingExamplesTests;
				PRODUCT_NAME = "$(TARGET_NAME)";
				SWIFT_VERSION = 5.0;
				TARGETED_DEVICE_FAMILY = "1,2";
				TEST_HOST = "$(BUILT_PRODUCTS_DIR)/BindingExamples.app/BindingExamples";
			};
			name = Debug;
		};
		9A7D3B7223F77DC200A7F4B6 /* Release */ = {
			isa = XCBuildConfiguration;
			buildSettings = {
				ALWAYS_EMBED_SWIFT_STANDARD_LIBRARIES = YES;
				BUNDLE_LOADER = "$(TEST_HOST)";
				CODE_SIGN_STYLE = Automatic;
				DEVELOPMENT_TEAM = 6WSMUGE2C2;
				INFOPLIST_FILE = BindingExamplesTests/Info.plist;
				IPHONEOS_DEPLOYMENT_TARGET = 13.2;
				LD_RUNPATH_SEARCH_PATHS = (
					"$(inherited)",
					"@executable_path/Frameworks",
					"@loader_path/Frameworks",
				);
				PRODUCT_BUNDLE_IDENTIFIER = com.shofujimoto.BindingExamplesTests;
				PRODUCT_NAME = "$(TARGET_NAME)";
				SWIFT_VERSION = 5.0;
				TARGETED_DEVICE_FAMILY = "1,2";
				TEST_HOST = "$(BUILT_PRODUCTS_DIR)/BindingExamples.app/BindingExamples";
			};
			name = Release;
		};
		9A7D3B7423F77DC200A7F4B6 /* Debug */ = {
			isa = XCBuildConfiguration;
			buildSettings = {
				ALWAYS_EMBED_SWIFT_STANDARD_LIBRARIES = YES;
				CODE_SIGN_STYLE = Automatic;
				DEVELOPMENT_TEAM = 6WSMUGE2C2;
				INFOPLIST_FILE = BindingExamplesUITests/Info.plist;
				LD_RUNPATH_SEARCH_PATHS = (
					"$(inherited)",
					"@executable_path/Frameworks",
					"@loader_path/Frameworks",
				);
				PRODUCT_BUNDLE_IDENTIFIER = com.shofujimoto.BindingExamplesUITests;
				PRODUCT_NAME = "$(TARGET_NAME)";
				SWIFT_VERSION = 5.0;
				TARGETED_DEVICE_FAMILY = "1,2";
				TEST_TARGET_NAME = BindingExamples;
			};
			name = Debug;
		};
		9A7D3B7523F77DC200A7F4B6 /* Release */ = {
			isa = XCBuildConfiguration;
			buildSettings = {
				ALWAYS_EMBED_SWIFT_STANDARD_LIBRARIES = YES;
				CODE_SIGN_STYLE = Automatic;
				DEVELOPMENT_TEAM = 6WSMUGE2C2;
				INFOPLIST_FILE = BindingExamplesUITests/Info.plist;
				LD_RUNPATH_SEARCH_PATHS = (
					"$(inherited)",
					"@executable_path/Frameworks",
					"@loader_path/Frameworks",
				);
				PRODUCT_BUNDLE_IDENTIFIER = com.shofujimoto.BindingExamplesUITests;
				PRODUCT_NAME = "$(TARGET_NAME)";
				SWIFT_VERSION = 5.0;
				TARGETED_DEVICE_FAMILY = "1,2";
				TEST_TARGET_NAME = BindingExamples;
			};
			name = Release;
		};
/* End XCBuildConfiguration section */

/* Begin XCConfigurationList section */
		9A7D3B3E23F77DBC00A7F4B6 /* Build configuration list for PBXProject "BindingExamples" */ = {
			isa = XCConfigurationList;
			buildConfigurations = (
				9A7D3B6B23F77DC200A7F4B6 /* Debug */,
				9A7D3B6C23F77DC200A7F4B6 /* Release */,
			);
			defaultConfigurationIsVisible = 0;
			defaultConfigurationName = Release;
		};
		9A7D3B6D23F77DC200A7F4B6 /* Build configuration list for PBXNativeTarget "BindingExamples" */ = {
			isa = XCConfigurationList;
			buildConfigurations = (
				9A7D3B6E23F77DC200A7F4B6 /* Debug */,
				9A7D3B6F23F77DC200A7F4B6 /* Release */,
			);
			defaultConfigurationIsVisible = 0;
			defaultConfigurationName = Release;
		};
		9A7D3B7023F77DC200A7F4B6 /* Build configuration list for PBXNativeTarget "BindingExamplesTests" */ = {
			isa = XCConfigurationList;
			buildConfigurations = (
				9A7D3B7123F77DC200A7F4B6 /* Debug */,
				9A7D3B7223F77DC200A7F4B6 /* Release */,
			);
			defaultConfigurationIsVisible = 0;
			defaultConfigurationName = Release;
		};
		9A7D3B7323F77DC200A7F4B6 /* Build configuration list for PBXNativeTarget "BindingExamplesUITests" */ = {
			isa = XCConfigurationList;
			buildConfigurations = (
				9A7D3B7423F77DC200A7F4B6 /* Debug */,
				9A7D3B7523F77DC200A7F4B6 /* Release */,
			);
			defaultConfigurationIsVisible = 0;
			defaultConfigurationName = Release;
		};
/* End XCConfigurationList section */
	};
	rootObject = 9A7D3B3B23F77DBC00A7F4B6 /* Project object */;
}
