// !$*UTF8*$!
{
	archiveVersion = 1;
	classes = {
	};
	objectVersion = 50;
	objects = {

/* Begin PBXBuildFile section */
		538C05272380DB91006B97C5 /* OrderDetail.swift in Sources */ = {isa = PBXBuildFile; fileRef = 538C05262380DB91006B97C5 /* OrderDetail.swift */; };
		538C05292380DE54006B97C5 /* OrderRowView.swift in Sources */ = {isa = PBXBuildFile; fileRef = 538C05282380DE54006B97C5 /* OrderRowView.swift */; };
		538C052D2380E693006B97C5 /* OrderView.swift in Sources */ = {isa = PBXBuildFile; fileRef = 538C052C2380E693006B97C5 /* OrderView.swift */; };
		538C05342380EF65006B97C5 /* Shop.swift in Sources */ = {isa = PBXBuildFile; fileRef = 538C05302380EF65006B97C5 /* Shop.swift */; };
		538C05352380EF65006B97C5 /* shop.json in Resources */ = {isa = PBXBuildFile; fileRef = 538C05312380EF65006B97C5 /* shop.json */; };
		538C05362380EF65006B97C5 /* special.json in Resources */ = {isa = PBXBuildFile; fileRef = 538C05322380EF65006B97C5 /* special.json */; };
		538C05372380EF65006B97C5 /* Special.swift in Sources */ = {isa = PBXBuildFile; fileRef = 538C05332380EF65006B97C5 /* Special.swift */; };
		538C05392380F14E006B97C5 /* OrderHistoryView.swift in Sources */ = {isa = PBXBuildFile; fileRef = 538C05382380F14E006B97C5 /* OrderHistoryView.swift */; };
		538C053B2380F18F006B97C5 /* ShopRow.swift in Sources */ = {isa = PBXBuildFile; fileRef = 538C053A2380F18F006B97C5 /* ShopRow.swift */; };
		538C053D2380F280006B97C5 /* CategoryRow.swift in Sources */ = {isa = PBXBuildFile; fileRef = 538C053C2380F280006B97C5 /* CategoryRow.swift */; };
		538C053F2380F561006B97C5 /* HomeView.swift in Sources */ = {isa = PBXBuildFile; fileRef = 538C053E2380F561006B97C5 /* HomeView.swift */; };
		538C0541238100B1006B97C5 /* TapiocaTeaView.swift in Sources */ = {isa = PBXBuildFile; fileRef = 538C0540238100B1006B97C5 /* TapiocaTeaView.swift */; };
		538C054323810AD6006B97C5 /* ShopImage.swift in Sources */ = {isa = PBXBuildFile; fileRef = 538C054223810AD6006B97C5 /* ShopImage.swift */; };
		538C054523810CD5006B97C5 /* ShopView.swift in Sources */ = {isa = PBXBuildFile; fileRef = 538C054423810CD5006B97C5 /* ShopView.swift */; };
		538C054B23814206006B97C5 /* KeyboardObserver.swift in Sources */ = {isa = PBXBuildFile; fileRef = 538C054A23814206006B97C5 /* KeyboardObserver.swift */; };
		538C054D238161E2006B97C5 /* PageControl.swift in Sources */ = {isa = PBXBuildFile; fileRef = 538C054C238161E2006B97C5 /* PageControl.swift */; };
		538C054F23816205006B97C5 /* PageViewController.swift in Sources */ = {isa = PBXBuildFile; fileRef = 538C054E23816205006B97C5 /* PageViewController.swift */; };
		538C05532381641E006B97C5 /* PageView.swift in Sources */ = {isa = PBXBuildFile; fileRef = 538C05522381641E006B97C5 /* PageView.swift */; };
		538C0555238164FB006B97C5 /* TextOverlay.swift in Sources */ = {isa = PBXBuildFile; fileRef = 538C0554238164FB006B97C5 /* TextOverlay.swift */; };
		538C055723816565006B97C5 /* SpecialCard.swift in Sources */ = {isa = PBXBuildFile; fileRef = 538C055623816565006B97C5 /* SpecialCard.swift */; };
		538C05592381697A006B97C5 /* MapView.swift in Sources */ = {isa = PBXBuildFile; fileRef = 538C05582381697A006B97C5 /* MapView.swift */; };
		538C055E23817100006B97C5 /* OrderEntity.swift in Sources */ = {isa = PBXBuildFile; fileRef = 538C055D23817100006B97C5 /* OrderEntity.swift */; };
		538C055F23817268006B97C5 /* Tapioca_milk_tea.xcdatamodeld in Sources */ = {isa = PBXBuildFile; fileRef = 538C055A23816F87006B97C5 /* Tapioca_milk_tea.xcdatamodeld */; };
		53BB726622E1C33C00AA7546 /* AppDelegate.swift in Sources */ = {isa = PBXBuildFile; fileRef = 53BB726522E1C33C00AA7546 /* AppDelegate.swift */; };
		53BB726822E1C33C00AA7546 /* SceneDelegate.swift in Sources */ = {isa = PBXBuildFile; fileRef = 53BB726722E1C33C00AA7546 /* SceneDelegate.swift */; };
		53BB726D22E1C33C00AA7546 /* ContentView.swift in Sources */ = {isa = PBXBuildFile; fileRef = 53BB726C22E1C33C00AA7546 /* ContentView.swift */; };
		53BB726F22E1C33E00AA7546 /* Assets.xcassets in Resources */ = {isa = PBXBuildFile; fileRef = 53BB726E22E1C33E00AA7546 /* Assets.xcassets */; };
		53BB727222E1C33E00AA7546 /* Preview Assets.xcassets in Resources */ = {isa = PBXBuildFile; fileRef = 53BB727122E1C33E00AA7546 /* Preview Assets.xcassets */; };
		53BB727522E1C33E00AA7546 /* LaunchScreen.storyboard in Resources */ = {isa = PBXBuildFile; fileRef = 53BB727322E1C33E00AA7546 /* LaunchScreen.storyboard */; };
		53F05E4722F326FF009E3AA8 /* Data.swift in Sources */ = {isa = PBXBuildFile; fileRef = 53F05E4622F326FF009E3AA8 /* Data.swift */; };
		53F05E4922F3275A009E3AA8 /* orderEntity.json in Resources */ = {isa = PBXBuildFile; fileRef = 53F05E4822F3275A009E3AA8 /* orderEntity.json */; };
/* End PBXBuildFile section */

/* Begin PBXFileReference section */
		538C05262380DB91006B97C5 /* OrderDetail.swift */ = {isa = PBXFileReference; lastKnownFileType = sourcecode.swift; path = OrderDetail.swift; sourceTree = "<group>"; };
		538C05282380DE54006B97C5 /* OrderRowView.swift */ = {isa = PBXFileReference; lastKnownFileType = sourcecode.swift; path = OrderRowView.swift; sourceTree = "<group>"; };
		538C052C2380E693006B97C5 /* OrderView.swift */ = {isa = PBXFileReference; lastKnownFileType = sourcecode.swift; path = OrderView.swift; sourceTree = "<group>"; };
		538C05302380EF65006B97C5 /* Shop.swift */ = {isa = PBXFileReference; fileEncoding = 4; lastKnownFileType = sourcecode.swift; path = Shop.swift; sourceTree = "<group>"; };
		538C05312380EF65006B97C5 /* shop.json */ = {isa = PBXFileReference; fileEncoding = 4; lastKnownFileType = text.json; path = shop.json; sourceTree = "<group>"; };
		538C05322380EF65006B97C5 /* special.json */ = {isa = PBXFileReference; fileEncoding = 4; lastKnownFileType = text.json; path = special.json; sourceTree = "<group>"; };
		538C05332380EF65006B97C5 /* Special.swift */ = {isa = PBXFileReference; fileEncoding = 4; lastKnownFileType = sourcecode.swift; path = Special.swift; sourceTree = "<group>"; };
		538C05382380F14E006B97C5 /* OrderHistoryView.swift */ = {isa = PBXFileReference; lastKnownFileType = sourcecode.swift; path = OrderHistoryView.swift; sourceTree = "<group>"; };
		538C053A2380F18F006B97C5 /* ShopRow.swift */ = {isa = PBXFileReference; lastKnownFileType = sourcecode.swift; path = ShopRow.swift; sourceTree = "<group>"; };
		538C053C2380F280006B97C5 /* CategoryRow.swift */ = {isa = PBXFileReference; lastKnownFileType = sourcecode.swift; path = CategoryRow.swift; sourceTree = "<group>"; };
		538C053E2380F561006B97C5 /* HomeView.swift */ = {isa = PBXFileReference; lastKnownFileType = sourcecode.swift; path = HomeView.swift; sourceTree = "<group>"; };
		538C0540238100B1006B97C5 /* TapiocaTeaView.swift */ = {isa = PBXFileReference; lastKnownFileType = sourcecode.swift; path = TapiocaTeaView.swift; sourceTree = "<group>"; };
		538C054223810AD6006B97C5 /* ShopImage.swift */ = {isa = PBXFileReference; lastKnownFileType = sourcecode.swift; path = ShopImage.swift; sourceTree = "<group>"; };
		538C054423810CD5006B97C5 /* ShopView.swift */ = {isa = PBXFileReference; lastKnownFileType = sourcecode.swift; path = ShopView.swift; sourceTree = "<group>"; };
		538C054A23814206006B97C5 /* KeyboardObserver.swift */ = {isa = PBXFileReference; lastKnownFileType = sourcecode.swift; path = KeyboardObserver.swift; sourceTree = "<group>"; };
		538C054C238161E2006B97C5 /* PageControl.swift */ = {isa = PBXFileReference; lastKnownFileType = sourcecode.swift; path = PageControl.swift; sourceTree = "<group>"; };
		538C054E23816205006B97C5 /* PageViewController.swift */ = {isa = PBXFileReference; lastKnownFileType = sourcecode.swift; path = PageViewController.swift; sourceTree = "<group>"; };
		538C05522381641E006B97C5 /* PageView.swift */ = {isa = PBXFileReference; lastKnownFileType = sourcecode.swift; path = PageView.swift; sourceTree = "<group>"; };
		538C0554238164FB006B97C5 /* TextOverlay.swift */ = {isa = PBXFileReference; lastKnownFileType = sourcecode.swift; path = TextOverlay.swift; sourceTree = "<group>"; };
		538C055623816565006B97C5 /* SpecialCard.swift */ = {isa = PBXFileReference; lastKnownFileType = sourcecode.swift; path = SpecialCard.swift; sourceTree = "<group>"; };
		538C05582381697A006B97C5 /* MapView.swift */ = {isa = PBXFileReference; lastKnownFileType = sourcecode.swift; path = MapView.swift; sourceTree = "<group>"; };
		538C055B23816F87006B97C5 /* Tapioca_milk_tea.xcdatamodel */ = {isa = PBXFileReference; lastKnownFileType = wrapper.xcdatamodel; path = Tapioca_milk_tea.xcdatamodel; sourceTree = "<group>"; };
		538C055D23817100006B97C5 /* OrderEntity.swift */ = {isa = PBXFileReference; lastKnownFileType = sourcecode.swift; path = OrderEntity.swift; sourceTree = "<group>"; };
		53BB726222E1C33C00AA7546 /* Tapioca milk tea.app */ = {isa = PBXFileReference; explicitFileType = wrapper.application; includeInIndex = 0; path = "Tapioca milk tea.app"; sourceTree = BUILT_PRODUCTS_DIR; };
		53BB726522E1C33C00AA7546 /* AppDelegate.swift */ = {isa = PBXFileReference; lastKnownFileType = sourcecode.swift; path = AppDelegate.swift; sourceTree = "<group>"; };
		53BB726722E1C33C00AA7546 /* SceneDelegate.swift */ = {isa = PBXFileReference; lastKnownFileType = sourcecode.swift; path = SceneDelegate.swift; sourceTree = "<group>"; };
		53BB726C22E1C33C00AA7546 /* ContentView.swift */ = {isa = PBXFileReference; lastKnownFileType = sourcecode.swift; path = ContentView.swift; sourceTree = "<group>"; };
		53BB726E22E1C33E00AA7546 /* Assets.xcassets */ = {isa = PBXFileReference; lastKnownFileType = folder.assetcatalog; path = Assets.xcassets; sourceTree = "<group>"; };
		53BB727122E1C33E00AA7546 /* Preview Assets.xcassets */ = {isa = PBXFileReference; lastKnownFileType = folder.assetcatalog; path = "Preview Assets.xcassets"; sourceTree = "<group>"; };
		53BB727422E1C33E00AA7546 /* Base */ = {isa = PBXFileReference; lastKnownFileType = file.storyboard; name = Base; path = Base.lproj/LaunchScreen.storyboard; sourceTree = "<group>"; };
		53BB727622E1C33E00AA7546 /* Info.plist */ = {isa = PBXFileReference; lastKnownFileType = text.plist.xml; path = Info.plist; sourceTree = "<group>"; };
		53F05E4622F326FF009E3AA8 /* Data.swift */ = {isa = PBXFileReference; lastKnownFileType = sourcecode.swift; name = Data.swift; path = "Tapioca milk tea/Data/Data.swift"; sourceTree = SOURCE_ROOT; };
		53F05E4822F3275A009E3AA8 /* orderEntity.json */ = {isa = PBXFileReference; lastKnownFileType = text.json; path = orderEntity.json; sourceTree = "<group>"; };
/* End PBXFileReference section */

/* Begin PBXFrameworksBuildPhase section */
		53BB725F22E1C33C00AA7546 /* Frameworks */ = {
			isa = PBXFrameworksBuildPhase;
			buildActionMask = 2147483647;
			files = (
			);
			runOnlyForDeploymentPostprocessing = 0;
		};
/* End PBXFrameworksBuildPhase section */

/* Begin PBXGroup section */
		538C05252380DB5D006B97C5 /* Views */ = {
			isa = PBXGroup;
			children = (
				538C05282380DE54006B97C5 /* OrderRowView.swift */,
				538C053A2380F18F006B97C5 /* ShopRow.swift */,
				538C053C2380F280006B97C5 /* CategoryRow.swift */,
				538C0540238100B1006B97C5 /* TapiocaTeaView.swift */,
				538C054223810AD6006B97C5 /* ShopImage.swift */,
				538C054C238161E2006B97C5 /* PageControl.swift */,
				538C054E23816205006B97C5 /* PageViewController.swift */,
				538C05522381641E006B97C5 /* PageView.swift */,
				538C0554238164FB006B97C5 /* TextOverlay.swift */,
				538C055623816565006B97C5 /* SpecialCard.swift */,
				538C05582381697A006B97C5 /* MapView.swift */,
			);
			path = Views;
			sourceTree = "<group>";
		};
		538C0549238141EA006B97C5 /* Utils */ = {
			isa = PBXGroup;
			children = (
				538C054A23814206006B97C5 /* KeyboardObserver.swift */,
			);
			path = Utils;
			sourceTree = "<group>";
		};
		53BB725922E1C33C00AA7546 = {
			isa = PBXGroup;
			children = (
				53BB726422E1C33C00AA7546 /* Tapioca milk tea */,
				53BB726322E1C33C00AA7546 /* Products */,
			);
			sourceTree = "<group>";
		};
		53BB726322E1C33C00AA7546 /* Products */ = {
			isa = PBXGroup;
			children = (
				53BB726222E1C33C00AA7546 /* Tapioca milk tea.app */,
			);
			name = Products;
			sourceTree = "<group>";
		};
		53BB726422E1C33C00AA7546 /* Tapioca milk tea */ = {
			isa = PBXGroup;
			children = (
				538C0549238141EA006B97C5 /* Utils */,
				538C05252380DB5D006B97C5 /* Views */,
				53F05E4A22F3C5A1009E3AA8 /* Data */,
				53BB726522E1C33C00AA7546 /* AppDelegate.swift */,
				53BB726722E1C33C00AA7546 /* SceneDelegate.swift */,
				53BB726C22E1C33C00AA7546 /* ContentView.swift */,
				538C05262380DB91006B97C5 /* OrderDetail.swift */,
				538C052C2380E693006B97C5 /* OrderView.swift */,
				538C05382380F14E006B97C5 /* OrderHistoryView.swift */,
				538C053E2380F561006B97C5 /* HomeView.swift */,
				538C054423810CD5006B97C5 /* ShopView.swift */,
				53BB726E22E1C33E00AA7546 /* Assets.xcassets */,
				53BB727322E1C33E00AA7546 /* LaunchScreen.storyboard */,
				53BB727622E1C33E00AA7546 /* Info.plist */,
				538C055A23816F87006B97C5 /* Tapioca_milk_tea.xcdatamodeld */,
				53BB727022E1C33E00AA7546 /* Preview Content */,
			);
			path = "Tapioca milk tea";
			sourceTree = "<group>";
		};
		53BB727022E1C33E00AA7546 /* Preview Content */ = {
			isa = PBXGroup;
			children = (
				53BB727122E1C33E00AA7546 /* Preview Assets.xcassets */,
			);
			path = "Preview Content";
			sourceTree = "<group>";
		};
		53F05E4A22F3C5A1009E3AA8 /* Data */ = {
			isa = PBXGroup;
			children = (
				538C05312380EF65006B97C5 /* shop.json */,
				538C05302380EF65006B97C5 /* Shop.swift */,
				538C05322380EF65006B97C5 /* special.json */,
				538C05332380EF65006B97C5 /* Special.swift */,
				53F05E4622F326FF009E3AA8 /* Data.swift */,
				53F05E4822F3275A009E3AA8 /* orderEntity.json */,
				538C055D23817100006B97C5 /* OrderEntity.swift */,
			);
			path = Data;
			sourceTree = "<group>";
		};
/* End PBXGroup section */

/* Begin PBXNativeTarget section */
		53BB726122E1C33C00AA7546 /* Tapioca milk tea */ = {
			isa = PBXNativeTarget;
			buildConfigurationList = 53BB727922E1C33E00AA7546 /* Build configuration list for PBXNativeTarget "Tapioca milk tea" */;
			buildPhases = (
				53BB725E22E1C33C00AA7546 /* Sources */,
				53BB725F22E1C33C00AA7546 /* Frameworks */,
				53BB726022E1C33C00AA7546 /* Resources */,
			);
			buildRules = (
			);
			dependencies = (
			);
			name = "Tapioca milk tea";
			productName = "Tapioca milk tea";
			productReference = 53BB726222E1C33C00AA7546 /* Tapioca milk tea.app */;
			productType = "com.apple.product-type.application";
		};
/* End PBXNativeTarget section */

/* Begin PBXProject section */
		53BB725A22E1C33C00AA7546 /* Project object */ = {
			isa = PBXProject;
			attributes = {
				LastSwiftUpdateCheck = 1100;
				LastUpgradeCheck = 1100;
				ORGANIZATIONNAME = example.com;
				TargetAttributes = {
					53BB726122E1C33C00AA7546 = {
						CreatedOnToolsVersion = 11.0;
					};
				};
			};
			buildConfigurationList = 53BB725D22E1C33C00AA7546 /* Build configuration list for PBXProject "Tapioca milk tea" */;
			compatibilityVersion = "Xcode 9.3";
			developmentRegion = en;
			hasScannedForEncodings = 0;
			knownRegions = (
				en,
				Base,
			);
			mainGroup = 53BB725922E1C33C00AA7546;
			productRefGroup = 53BB726322E1C33C00AA7546 /* Products */;
			projectDirPath = "";
			projectRoot = "";
			targets = (
				53BB726122E1C33C00AA7546 /* Tapioca milk tea */,
			);
		};
/* End PBXProject section */

/* Begin PBXResourcesBuildPhase section */
		53BB726022E1C33C00AA7546 /* Resources */ = {
			isa = PBXResourcesBuildPhase;
			buildActionMask = 2147483647;
			files = (
				538C05352380EF65006B97C5 /* shop.json in Resources */,
				53BB727522E1C33E00AA7546 /* LaunchScreen.storyboard in Resources */,
				53F05E4922F3275A009E3AA8 /* orderEntity.json in Resources */,
				538C05362380EF65006B97C5 /* special.json in Resources */,
				53BB727222E1C33E00AA7546 /* Preview Assets.xcassets in Resources */,
				53BB726F22E1C33E00AA7546 /* Assets.xcassets in Resources */,
			);
			runOnlyForDeploymentPostprocessing = 0;
		};
/* End PBXResourcesBuildPhase section */

/* Begin PBXSourcesBuildPhase section */
		53BB725E22E1C33C00AA7546 /* Sources */ = {
			isa = PBXSourcesBuildPhase;
			buildActionMask = 2147483647;
			files = (
				53BB726622E1C33C00AA7546 /* AppDelegate.swift in Sources */,
				538C05592381697A006B97C5 /* MapView.swift in Sources */,
				538C053F2380F561006B97C5 /* HomeView.swift in Sources */,
				538C052D2380E693006B97C5 /* OrderView.swift in Sources */,
				538C053B2380F18F006B97C5 /* ShopRow.swift in Sources */,
				538C05392380F14E006B97C5 /* OrderHistoryView.swift in Sources */,
				538C054523810CD5006B97C5 /* ShopView.swift in Sources */,
				53BB726D22E1C33C00AA7546 /* ContentView.swift in Sources */,
				538C054323810AD6006B97C5 /* ShopImage.swift in Sources */,
				538C055723816565006B97C5 /* SpecialCard.swift in Sources */,
				538C053D2380F280006B97C5 /* CategoryRow.swift in Sources */,
				538C054B23814206006B97C5 /* KeyboardObserver.swift in Sources */,
				538C055E23817100006B97C5 /* OrderEntity.swift in Sources */,
				538C054F23816205006B97C5 /* PageViewController.swift in Sources */,
				538C0541238100B1006B97C5 /* TapiocaTeaView.swift in Sources */,
				538C05532381641E006B97C5 /* PageView.swift in Sources */,
				538C05272380DB91006B97C5 /* OrderDetail.swift in Sources */,
				538C0555238164FB006B97C5 /* TextOverlay.swift in Sources */,
				538C05372380EF65006B97C5 /* Special.swift in Sources */,
				53BB726822E1C33C00AA7546 /* SceneDelegate.swift in Sources */,
				538C055F23817268006B97C5 /* Tapioca_milk_tea.xcdatamodeld in Sources */,
				538C05342380EF65006B97C5 /* Shop.swift in Sources */,
				538C05292380DE54006B97C5 /* OrderRowView.swift in Sources */,
				53F05E4722F326FF009E3AA8 /* Data.swift in Sources */,
				538C054D238161E2006B97C5 /* PageControl.swift in Sources */,
			);
			runOnlyForDeploymentPostprocessing = 0;
		};
/* End PBXSourcesBuildPhase section */

/* Begin PBXVariantGroup section */
		53BB727322E1C33E00AA7546 /* LaunchScreen.storyboard */ = {
			isa = PBXVariantGroup;
			children = (
				53BB727422E1C33E00AA7546 /* Base */,
			);
			name = LaunchScreen.storyboard;
			sourceTree = "<group>";
		};
/* End PBXVariantGroup section */

/* Begin XCBuildConfiguration section */
		53BB727722E1C33E00AA7546 /* Debug */ = {
			isa = XCBuildConfiguration;
			buildSettings = {
				ALWAYS_SEARCH_USER_PATHS = NO;
				CLANG_ANALYZER_NONNULL = YES;
				CLANG_ANALYZER_NUMBER_OBJECT_CONVERSION = YES_AGGRESSIVE;
				CLANG_CXX_LANGUAGE_STANDARD = "gnu++14";
				CLANG_CXX_LIBRARY = "libc++";
				CLANG_ENABLE_MODULES = YES;
				CLANG_ENABLE_OBJC_ARC = YES;
				CLANG_ENABLE_OBJC_WEAK = YES;
				CLANG_WARN_BLOCK_CAPTURE_AUTORELEASING = YES;
				CLANG_WARN_BOOL_CONVERSION = YES;
				CLANG_WARN_COMMA = YES;
				CLANG_WARN_CONSTANT_CONVERSION = YES;
				CLANG_WARN_DEPRECATED_OBJC_IMPLEMENTATIONS = YES;
				CLANG_WARN_DIRECT_OBJC_ISA_USAGE = YES_ERROR;
				CLANG_WARN_DOCUMENTATION_COMMENTS = YES;
				CLANG_WARN_EMPTY_BODY = YES;
				CLANG_WARN_ENUM_CONVERSION = YES;
				CLANG_WARN_INFINITE_RECURSION = YES;
				CLANG_WARN_INT_CONVERSION = YES;
				CLANG_WARN_NON_LITERAL_NULL_CONVERSION = YES;
				CLANG_WARN_OBJC_IMPLICIT_RETAIN_SELF = YES;
				CLANG_WARN_OBJC_LITERAL_CONVERSION = YES;
				CLANG_WARN_OBJC_ROOT_CLASS = YES_ERROR;
				CLANG_WARN_RANGE_LOOP_ANALYSIS = YES;
				CLANG_WARN_STRICT_PROTOTYPES = YES;
				CLANG_WARN_SUSPICIOUS_MOVE = YES;
				CLANG_WARN_UNGUARDED_AVAILABILITY = YES_AGGRESSIVE;
				CLANG_WARN_UNREACHABLE_CODE = YES;
				CLANG_WARN__DUPLICATE_METHOD_MATCH = YES;
				COPY_PHASE_STRIP = NO;
				DEBUG_INFORMATION_FORMAT = dwarf;
				ENABLE_STRICT_OBJC_MSGSEND = YES;
				ENABLE_TESTABILITY = YES;
				GCC_C_LANGUAGE_STANDARD = gnu11;
				GCC_DYNAMIC_NO_PIC = NO;
				GCC_NO_COMMON_BLOCKS = YES;
				GCC_OPTIMIZATION_LEVEL = 0;
				GCC_PREPROCESSOR_DEFINITIONS = (
					"DEBUG=1",
					"$(inherited)",
				);
				GCC_WARN_64_TO_32_BIT_CONVERSION = YES;
				GCC_WARN_ABOUT_RETURN_TYPE = YES_ERROR;
				GCC_WARN_UNDECLARED_SELECTOR = YES;
				GCC_WARN_UNINITIALIZED_AUTOS = YES_AGGRESSIVE;
				GCC_WARN_UNUSED_FUNCTION = YES;
				GCC_WARN_UNUSED_VARIABLE = YES;
				IPHONEOS_DEPLOYMENT_TARGET = 13.0;
				MTL_ENABLE_DEBUG_INFO = INCLUDE_SOURCE;
				MTL_FAST_MATH = YES;
				ONLY_ACTIVE_ARCH = YES;
				SDKROOT = iphoneos;
				SWIFT_ACTIVE_COMPILATION_CONDITIONS = DEBUG;
				SWIFT_OPTIMIZATION_LEVEL = "-Onone";
			};
			name = Debug;
		};
		53BB727822E1C33E00AA7546 /* Release */ = {
			isa = XCBuildConfiguration;
			buildSettings = {
				ALWAYS_SEARCH_USER_PATHS = NO;
				CLANG_ANALYZER_NONNULL = YES;
				CLANG_ANALYZER_NUMBER_OBJECT_CONVERSION = YES_AGGRESSIVE;
				CLANG_CXX_LANGUAGE_STANDARD = "gnu++14";
				CLANG_CXX_LIBRARY = "libc++";
				CLANG_ENABLE_MODULES = YES;
				CLANG_ENABLE_OBJC_ARC = YES;
				CLANG_ENABLE_OBJC_WEAK = YES;
				CLANG_WARN_BLOCK_CAPTURE_AUTORELEASING = YES;
				CLANG_WARN_BOOL_CONVERSION = YES;
				CLANG_WARN_COMMA = YES;
				CLANG_WARN_CONSTANT_CONVERSION = YES;
				CLANG_WARN_DEPRECATED_OBJC_IMPLEMENTATIONS = YES;
				CLANG_WARN_DIRECT_OBJC_ISA_USAGE = YES_ERROR;
				CLANG_WARN_DOCUMENTATION_COMMENTS = YES;
				CLANG_WARN_EMPTY_BODY = YES;
				CLANG_WARN_ENUM_CONVERSION = YES;
				CLANG_WARN_INFINITE_RECURSION = YES;
				CLANG_WARN_INT_CONVERSION = YES;
				CLANG_WARN_NON_LITERAL_NULL_CONVERSION = YES;
				CLANG_WARN_OBJC_IMPLICIT_RETAIN_SELF = YES;
				CLANG_WARN_OBJC_LITERAL_CONVERSION = YES;
				CLANG_WARN_OBJC_ROOT_CLASS = YES_ERROR;
				CLANG_WARN_RANGE_LOOP_ANALYSIS = YES;
				CLANG_WARN_STRICT_PROTOTYPES = YES;
				CLANG_WARN_SUSPICIOUS_MOVE = YES;
				CLANG_WARN_UNGUARDED_AVAILABILITY = YES_AGGRESSIVE;
				CLANG_WARN_UNREACHABLE_CODE = YES;
				CLANG_WARN__DUPLICATE_METHOD_MATCH = YES;
				COPY_PHASE_STRIP = NO;
				DEBUG_INFORMATION_FORMAT = "dwarf-with-dsym";
				ENABLE_NS_ASSERTIONS = NO;
				ENABLE_STRICT_OBJC_MSGSEND = YES;
				GCC_C_LANGUAGE_STANDARD = gnu11;
				GCC_NO_COMMON_BLOCKS = YES;
				GCC_WARN_64_TO_32_BIT_CONVERSION = YES;
				GCC_WARN_ABOUT_RETURN_TYPE = YES_ERROR;
				GCC_WARN_UNDECLARED_SELECTOR = YES;
				GCC_WARN_UNINITIALIZED_AUTOS = YES_AGGRESSIVE;
				GCC_WARN_UNUSED_FUNCTION = YES;
				GCC_WARN_UNUSED_VARIABLE = YES;
				IPHONEOS_DEPLOYMENT_TARGET = 13.0;
				MTL_ENABLE_DEBUG_INFO = NO;
				MTL_FAST_MATH = YES;
				SDKROOT = iphoneos;
				SWIFT_COMPILATION_MODE = wholemodule;
				SWIFT_OPTIMIZATION_LEVEL = "-O";
				VALIDATE_PRODUCT = YES;
			};
			name = Release;
		};
		53BB727A22E1C33E00AA7546 /* Debug */ = {
			isa = XCBuildConfiguration;
			buildSettings = {
				ASSETCATALOG_COMPILER_APPICON_NAME = AppIcon;
				CODE_SIGN_STYLE = Automatic;
				DEVELOPMENT_ASSET_PATHS = "\"Tapioca milk tea\"/Preview\\ Content";
				DEVELOPMENT_TEAM = V8J7P6B573;
				ENABLE_PREVIEWS = YES;
				INFOPLIST_FILE = "Tapioca milk tea/Info.plist";
				LD_RUNPATH_SEARCH_PATHS = (
					"$(inherited)",
					"@executable_path/Frameworks",
				);
				PRODUCT_BUNDLE_IDENTIFIER = "com.example.Tapioca-milk-tea";
				PRODUCT_NAME = "$(TARGET_NAME)";
				SWIFT_VERSION = 5.0;
				TARGETED_DEVICE_FAMILY = "1,2";
			};
			name = Debug;
		};
		53BB727B22E1C33E00AA7546 /* Release */ = {
			isa = XCBuildConfiguration;
			buildSettings = {
				ASSETCATALOG_COMPILER_APPICON_NAME = AppIcon;
				CODE_SIGN_STYLE = Automatic;
				DEVELOPMENT_ASSET_PATHS = "\"Tapioca milk tea\"/Preview\\ Content";
				DEVELOPMENT_TEAM = V8J7P6B573;
				ENABLE_PREVIEWS = YES;
				INFOPLIST_FILE = "Tapioca milk tea/Info.plist";
				LD_RUNPATH_SEARCH_PATHS = (
					"$(inherited)",
					"@executable_path/Frameworks",
				);
				PRODUCT_BUNDLE_IDENTIFIER = "com.example.Tapioca-milk-tea";
				PRODUCT_NAME = "$(TARGET_NAME)";
				SWIFT_VERSION = 5.0;
				TARGETED_DEVICE_FAMILY = "1,2";
			};
			name = Release;
		};
/* End XCBuildConfiguration section */

/* Begin XCConfigurationList section */
		53BB725D22E1C33C00AA7546 /* Build configuration list for PBXProject "Tapioca milk tea" */ = {
			isa = XCConfigurationList;
			buildConfigurations = (
				53BB727722E1C33E00AA7546 /* Debug */,
				53BB727822E1C33E00AA7546 /* Release */,
			);
			defaultConfigurationIsVisible = 0;
			defaultConfigurationName = Release;
		};
		53BB727922E1C33E00AA7546 /* Build configuration list for PBXNativeTarget "Tapioca milk tea" */ = {
			isa = XCConfigurationList;
			buildConfigurations = (
				53BB727A22E1C33E00AA7546 /* Debug */,
				53BB727B22E1C33E00AA7546 /* Release */,
			);
			defaultConfigurationIsVisible = 0;
			defaultConfigurationName = Release;
		};
/* End XCConfigurationList section */

/* Begin XCVersionGroup section */
		538C055A23816F87006B97C5 /* Tapioca_milk_tea.xcdatamodeld */ = {
			isa = XCVersionGroup;
			children = (
				538C055B23816F87006B97C5 /* Tapioca_milk_tea.xcdatamodel */,
			);
			currentVersion = 538C055B23816F87006B97C5 /* Tapioca_milk_tea.xcdatamodel */;
			path = Tapioca_milk_tea.xcdatamodeld;
			sourceTree = "<group>";
			versionGroupType = wrapper.xcdatamodel;
		};
/* End XCVersionGroup section */
	};
	rootObject = 53BB725A22E1C33C00AA7546 /* Project object */;
}
